
Microsoft Visual Studio Solution File, Format Version 12.00
# Visual Studio Version 16
VisualStudioVersion = 16.0.31229.75
MinimumVisualStudioVersion = 10.0.40219.1
Project("{FAE04EC0-301F-11D3-BF4B-00C04F79EFBC}") = "PruebaApi", "PruebaApi\PruebaApi.csproj", "{63AC5D56-CCEF-492B-9C8B-52CADE03558E}"
EndProject
Project("{FAE04EC0-301F-11D3-BF4B-00C04F79EFBC}") = "Datos", "Datos\Datos.csproj", "{2D798117-90A2-471A-A8E0-518442B95DAE}"
EndProject
Project("{FAE04EC0-301F-11D3-BF4B-00C04F79EFBC}") = "PruebaWeb", "PruebaWeb\PruebaWeb.csproj", "{1CAD1E7F-7C82-44FF-9C0D-B0685A95D1C2}"
EndProject
Project("{FAE04EC0-301F-11D3-BF4B-00C04F79EFBC}") = "Implementacion", "Implementacion\Implementacion.csproj", "{5D961EA6-A522-457C-854C-8B4898ABB19D}"
EndProject
Project("{FAE04EC0-301F-11D3-BF4B-00C04F79EFBC}") = "Transversal", "Transversal\Transversal.csproj", "{C381E0CA-5F6D-4640-98F0-F09E8022F2AD}"
EndProject
Global
	GlobalSection(SolutionConfigurationPlatforms) = preSolution
		Debug|Any CPU = Debug|Any CPU
		Release|Any CPU = Release|Any CPU
	EndGlobalSection
	GlobalSection(ProjectConfigurationPlatforms) = postSolution
		{63AC5D56-CCEF-492B-9C8B-52CADE03558E}.Debug|Any CPU.ActiveCfg = Debug|Any CPU
		{63AC5D56-CCEF-492B-9C8B-52CADE03558E}.Debug|Any CPU.Build.0 = Debug|Any CPU
		{63AC5D56-CCEF-492B-9C8B-52CADE03558E}.Release|Any CPU.ActiveCfg = Release|Any CPU
		{63AC5D56-CCEF-492B-9C8B-52CADE03558E}.Release|Any CPU.Build.0 = Release|Any CPU
		{2D798117-90A2-471A-A8E0-518442B95DAE}.Debug|Any CPU.ActiveCfg = Debug|Any CPU
		{2D798117-90A2-471A-A8E0-518442B95DAE}.Debug|Any CPU.Build.0 = Debug|Any CPU
		{2D798117-90A2-471A-A8E0-518442B95DAE}.Release|Any CPU.ActiveCfg = Release|Any CPU
		{2D798117-90A2-471A-A8E0-518442B95DAE}.Release|Any CPU.Build.0 = Release|Any CPU
		{1CAD1E7F-7C82-44FF-9C0D-B0685A95D1C2}.Debug|Any CPU.ActiveCfg = Debug|Any CPU
		{1CAD1E7F-7C82-44FF-9C0D-B0685A95D1C2}.Debug|Any CPU.Build.0 = Debug|Any CPU
		{1CAD1E7F-7C82-44FF-9C0D-B0685A95D1C2}.Release|Any CPU.ActiveCfg = Release|Any CPU
		{1CAD1E7F-7C82-44FF-9C0D-B0685A95D1C2}.Release|Any CPU.Build.0 = Release|Any CPU
		{5D961EA6-A522-457C-854C-8B4898ABB19D}.Debug|Any CPU.ActiveCfg = Debug|Any CPU
		{5D961EA6-A522-457C-854C-8B4898ABB19D}.Debug|Any CPU.Build.0 = Debug|Any CPU
		{5D961EA6-A522-457C-854C-8B4898ABB19D}.Release|Any CPU.ActiveCfg = Release|Any CPU
		{5D961EA6-A522-457C-854C-8B4898ABB19D}.Release|Any CPU.Build.0 = Release|Any CPU
		{C381E0CA-5F6D-4640-98F0-F09E8022F2AD}.Debug|Any CPU.ActiveCfg = Debug|Any CPU
		{C381E0CA-5F6D-4640-98F0-F09E8022F2AD}.Debug|Any CPU.Build.0 = Debug|Any CPU
		{C381E0CA-5F6D-4640-98F0-F09E8022F2AD}.Release|Any CPU.ActiveCfg = Release|Any CPU
		{C381E0CA-5F6D-4640-98F0-F09E8022F2AD}.Release|Any CPU.Build.0 = Release|Any CPU
	EndGlobalSection
	GlobalSection(SolutionProperties) = preSolution
		HideSolutionNode = FALSE
	EndGlobalSection
	GlobalSection(ExtensibilityGlobals) = postSolution
		SolutionGuid = {A51E68A7-9CCA-4A0E-AC9C-E79810761E6F}
	EndGlobalSection
EndGlobal
